
Microsoft Visual Studio Solution File, Format Version 12.00
# Visual Studio Version 16
VisualStudioVersion = 16.0.29521.150
MinimumVisualStudioVersion = 10.0.40219.1
Project("{9A19103F-16F7-4668-BE54-9A1E7A4F7556}") = "Cinema", "Cinema\Cinema.csproj", "{B8ACDA5C-4EEF-4803-AAAD-A01934A2B2CE}"
EndProject
Project("{FAE04EC0-301F-11D3-BF4B-00C04F79EFBC}") = "Cinema.Tests", "Cinema.Tests\Cinema.Tests.csproj", "{215AFEDC-B2AC-4A38-9F27-586767D44C10}"
EndProject
Global
	GlobalSection(SolutionConfigurationPlatforms) = preSolution
		Debug|Any CPU = Debug|Any CPU
		Release|Any CPU = Release|Any CPU
	EndGlobalSection
	GlobalSection(ProjectConfigurationPlatforms) = postSolution
		{B8ACDA5C-4EEF-4803-AAAD-A01934A2B2CE}.Debug|Any CPU.ActiveCfg = Debug|Any CPU
		{B8ACDA5C-4EEF-4803-AAAD-A01934A2B2CE}.Debug|Any CPU.Build.0 = Debug|Any CPU
		{B8ACDA5C-4EEF-4803-AAAD-A01934A2B2CE}.Release|Any CPU.ActiveCfg = Release|Any CPU
		{B8ACDA5C-4EEF-4803-AAAD-A01934A2B2CE}.Release|Any CPU.Build.0 = Release|Any CPU
		{215AFEDC-B2AC-4A38-9F27-586767D44C10}.Debug|Any CPU.ActiveCfg = Debug|Any CPU
		{215AFEDC-B2AC-4A38-9F27-586767D44C10}.Debug|Any CPU.Build.0 = Debug|Any CPU
		{215AFEDC-B2AC-4A38-9F27-586767D44C10}.Release|Any CPU.ActiveCfg = Release|Any CPU
		{215AFEDC-B2AC-4A38-9F27-586767D44C10}.Release|Any CPU.Build.0 = Release|Any CPU
	EndGlobalSection
	GlobalSection(SolutionProperties) = preSolution
		HideSolutionNode = FALSE
	EndGlobalSection
	GlobalSection(ExtensibilityGlobals) = postSolution
		SolutionGuid = {C5053146-2985-4487-8156-FD14782406E0}
	EndGlobalSection
EndGlobal
